
Microsoft Visual Studio Solution File, Format Version 11.00
# Visual Studio 2010
Project("{8BC9CEB8-8B4A-11D0-8D11-00A0C91BC942}") = "very good", "very good\very good.vcxproj", "{08BBB3CE-9555-4FDA-9E3D-CCC514F66BC7}"
EndProject
Global
	GlobalSection(SolutionConfigurationPlatforms) = preSolution
		Debug|Win32 = Debug|Win32
		Release|Win32 = Release|Win32
	EndGlobalSection
	GlobalSection(ProjectConfigurationPlatforms) = postSolution
		{08BBB3CE-9555-4FDA-9E3D-CCC514F66BC7}.Debug|Win32.ActiveCfg = Debug|Win32
		{08BBB3CE-9555-4FDA-9E3D-CCC514F66BC7}.Debug|Win32.Build.0 = Debug|Win32
		{08BBB3CE-9555-4FDA-9E3D-CCC514F66BC7}.Release|Win32.ActiveCfg = Release|Win32
		{08BBB3CE-9555-4FDA-9E3D-CCC514F66BC7}.Release|Win32.Build.0 = Release|Win32
	EndGlobalSection
	GlobalSection(SolutionProperties) = preSolution
		HideSolutionNode = FALSE
	EndGlobalSection
EndGlobal
