
Microsoft Visual Studio Solution File, Format Version 12.00
# Visual Studio 2013
VisualStudioVersion = 12.0.21005.1
MinimumVisualStudioVersion = 10.0.40219.1
Project("{8BC9CEB8-8B4A-11D0-8D11-00A0C91BC942}") = "MyVector", "MyVector\MyVector.vcxproj", "{089A0E08-F534-40B3-993C-7FFEE4CAC641}"
EndProject
Global
	GlobalSection(SolutionConfigurationPlatforms) = preSolution
		Debug|Win32 = Debug|Win32
		Release|Win32 = Release|Win32
	EndGlobalSection
	GlobalSection(ProjectConfigurationPlatforms) = postSolution
		{089A0E08-F534-40B3-993C-7FFEE4CAC641}.Debug|Win32.ActiveCfg = Debug|Win32
		{089A0E08-F534-40B3-993C-7FFEE4CAC641}.Debug|Win32.Build.0 = Debug|Win32
		{089A0E08-F534-40B3-993C-7FFEE4CAC641}.Release|Win32.ActiveCfg = Release|Win32
		{089A0E08-F534-40B3-993C-7FFEE4CAC641}.Release|Win32.Build.0 = Release|Win32
	EndGlobalSection
	GlobalSection(SolutionProperties) = preSolution
		HideSolutionNode = FALSE
	EndGlobalSection
EndGlobal
