
Microsoft Visual Studio Solution File, Format Version 12.00
# Visual Studio 2013
VisualStudioVersion = 12.0.21005.1
MinimumVisualStudioVersion = 10.0.40219.1
Project("{8BC9CEB8-8B4A-11D0-8D11-00A0C91BC942}") = "3_24周日博客代码", "3_24周日博客代码\3_24周日博客代码.vcxproj", "{DDD54487-A962-4731-9ECD-80867A0E24B3}"
EndProject
Global
	GlobalSection(SolutionConfigurationPlatforms) = preSolution
		Debug|Win32 = Debug|Win32
		Release|Win32 = Release|Win32
	EndGlobalSection
	GlobalSection(ProjectConfigurationPlatforms) = postSolution
		{DDD54487-A962-4731-9ECD-80867A0E24B3}.Debug|Win32.ActiveCfg = Debug|Win32
		{DDD54487-A962-4731-9ECD-80867A0E24B3}.Debug|Win32.Build.0 = Debug|Win32
		{DDD54487-A962-4731-9ECD-80867A0E24B3}.Release|Win32.ActiveCfg = Release|Win32
		{DDD54487-A962-4731-9ECD-80867A0E24B3}.Release|Win32.Build.0 = Release|Win32
	EndGlobalSection
	GlobalSection(SolutionProperties) = preSolution
		HideSolutionNode = FALSE
	EndGlobalSection
EndGlobal
