
Microsoft Visual Studio Solution File, Format Version 11.00
# Visual Studio 2010
Project("{8BC9CEB8-8B4A-11D0-8D11-00A0C91BC942}") = "day15.2", "day15.2\day15.2.vcxproj", "{DB872A76-F83C-49D9-BE60-AE5944C129E7}"
EndProject
Global
	GlobalSection(SolutionConfigurationPlatforms) = preSolution
		Debug|Win32 = Debug|Win32
		Release|Win32 = Release|Win32
	EndGlobalSection
	GlobalSection(ProjectConfigurationPlatforms) = postSolution
		{DB872A76-F83C-49D9-BE60-AE5944C129E7}.Debug|Win32.ActiveCfg = Debug|Win32
		{DB872A76-F83C-49D9-BE60-AE5944C129E7}.Debug|Win32.Build.0 = Debug|Win32
		{DB872A76-F83C-49D9-BE60-AE5944C129E7}.Release|Win32.ActiveCfg = Release|Win32
		{DB872A76-F83C-49D9-BE60-AE5944C129E7}.Release|Win32.Build.0 = Release|Win32
	EndGlobalSection
	GlobalSection(SolutionProperties) = preSolution
		HideSolutionNode = FALSE
	EndGlobalSection
EndGlobal
