
Microsoft Visual Studio Solution File, Format Version 12.00
# Visual Studio 2013
VisualStudioVersion = 12.0.21005.1
MinimumVisualStudioVersion = 10.0.40219.1
Project("{8BC9CEB8-8B4A-11D0-8D11-00A0C91BC942}") = "3_22", "3_22\3_22.vcxproj", "{D07CC84D-C3DF-47B7-AE82-D2C42BA8CA4D}"
EndProject
Global
	GlobalSection(SolutionConfigurationPlatforms) = preSolution
		Debug|Win32 = Debug|Win32
		Release|Win32 = Release|Win32
	EndGlobalSection
	GlobalSection(ProjectConfigurationPlatforms) = postSolution
		{D07CC84D-C3DF-47B7-AE82-D2C42BA8CA4D}.Debug|Win32.ActiveCfg = Debug|Win32
		{D07CC84D-C3DF-47B7-AE82-D2C42BA8CA4D}.Debug|Win32.Build.0 = Debug|Win32
		{D07CC84D-C3DF-47B7-AE82-D2C42BA8CA4D}.Release|Win32.ActiveCfg = Release|Win32
		{D07CC84D-C3DF-47B7-AE82-D2C42BA8CA4D}.Release|Win32.Build.0 = Release|Win32
	EndGlobalSection
	GlobalSection(SolutionProperties) = preSolution
		HideSolutionNode = FALSE
	EndGlobalSection
EndGlobal
