
Microsoft Visual Studio Solution File, Format Version 11.00
# Visual Studio 2010
Project("{8BC9CEB8-8B4A-11D0-8D11-00A0C91BC942}") = "11_25_1", "11_25_1\11_25_1.vcxproj", "{9D57E697-B7F1-44C3-8009-BAA90C025D3A}"
EndProject
Global
	GlobalSection(SolutionConfigurationPlatforms) = preSolution
		Debug|Win32 = Debug|Win32
		Release|Win32 = Release|Win32
	EndGlobalSection
	GlobalSection(ProjectConfigurationPlatforms) = postSolution
		{9D57E697-B7F1-44C3-8009-BAA90C025D3A}.Debug|Win32.ActiveCfg = Debug|Win32
		{9D57E697-B7F1-44C3-8009-BAA90C025D3A}.Debug|Win32.Build.0 = Debug|Win32
		{9D57E697-B7F1-44C3-8009-BAA90C025D3A}.Release|Win32.ActiveCfg = Release|Win32
		{9D57E697-B7F1-44C3-8009-BAA90C025D3A}.Release|Win32.Build.0 = Release|Win32
	EndGlobalSection
	GlobalSection(SolutionProperties) = preSolution
		HideSolutionNode = FALSE
	EndGlobalSection
EndGlobal
