
Microsoft Visual Studio Solution File, Format Version 12.00
# Visual Studio 2013
VisualStudioVersion = 12.0.21005.1
MinimumVisualStudioVersion = 10.0.40219.1
Project("{8BC9CEB8-8B4A-11D0-8D11-00A0C91BC942}") = "斐波那契递归与非递归", "斐波那契递归与非递归\斐波那契递归与非递归.vcxproj", "{EACD1448-2FA8-48AE-BD50-565FBCA41C05}"
EndProject
Global
	GlobalSection(SolutionConfigurationPlatforms) = preSolution
		Debug|Win32 = Debug|Win32
		Release|Win32 = Release|Win32
	EndGlobalSection
	GlobalSection(ProjectConfigurationPlatforms) = postSolution
		{EACD1448-2FA8-48AE-BD50-565FBCA41C05}.Debug|Win32.ActiveCfg = Debug|Win32
		{EACD1448-2FA8-48AE-BD50-565FBCA41C05}.Debug|Win32.Build.0 = Debug|Win32
		{EACD1448-2FA8-48AE-BD50-565FBCA41C05}.Release|Win32.ActiveCfg = Release|Win32
		{EACD1448-2FA8-48AE-BD50-565FBCA41C05}.Release|Win32.Build.0 = Release|Win32
	EndGlobalSection
	GlobalSection(SolutionProperties) = preSolution
		HideSolutionNode = FALSE
	EndGlobalSection
EndGlobal
