
Microsoft Visual Studio Solution File, Format Version 12.00
# Visual Studio 2013
VisualStudioVersion = 12.0.21005.1
MinimumVisualStudioVersion = 10.0.40219.1
Project("{8BC9CEB8-8B4A-11D0-8D11-00A0C91BC942}") = "3月6日", "3月6日\3月6日.vcxproj", "{FDDC0446-6482-4D04-8FD5-00ACE48F6F6D}"
EndProject
Global
	GlobalSection(SolutionConfigurationPlatforms) = preSolution
		Debug|Win32 = Debug|Win32
		Release|Win32 = Release|Win32
	EndGlobalSection
	GlobalSection(ProjectConfigurationPlatforms) = postSolution
		{FDDC0446-6482-4D04-8FD5-00ACE48F6F6D}.Debug|Win32.ActiveCfg = Debug|Win32
		{FDDC0446-6482-4D04-8FD5-00ACE48F6F6D}.Debug|Win32.Build.0 = Debug|Win32
		{FDDC0446-6482-4D04-8FD5-00ACE48F6F6D}.Release|Win32.ActiveCfg = Release|Win32
		{FDDC0446-6482-4D04-8FD5-00ACE48F6F6D}.Release|Win32.Build.0 = Release|Win32
	EndGlobalSection
	GlobalSection(SolutionProperties) = preSolution
		HideSolutionNode = FALSE
	EndGlobalSection
EndGlobal
